// !$*UTF8*$!
{
	archiveVersion = 1;
	classes = {
	};
	objectVersion = 51;
	objects = {

/* Begin PBXBuildFile section */
		2C07CE96255D6AD000735F5C /* MainViewController.swift in Sources */ = {isa = PBXBuildFile; fileRef = 2C07CE95255D6AD000735F5C /* MainViewController.swift */; };
		2C5673802574FCEB004777F5 /* RatingControl.swift in Sources */ = {isa = PBXBuildFile; fileRef = 2C56737F2574FCEB004777F5 /* RatingControl.swift */; };
		2C689DFB255C05C400EBC5CC /* AppDelegate.swift in Sources */ = {isa = PBXBuildFile; fileRef = 2C689DFA255C05C400EBC5CC /* AppDelegate.swift */; };
		2C689DFD255C05C400EBC5CC /* SceneDelegate.swift in Sources */ = {isa = PBXBuildFile; fileRef = 2C689DFC255C05C400EBC5CC /* SceneDelegate.swift */; };
		2C689E02255C05C400EBC5CC /* Main.storyboard in Resources */ = {isa = PBXBuildFile; fileRef = 2C689E00255C05C400EBC5CC /* Main.storyboard */; };
		2C689E04255C05C700EBC5CC /* Assets.xcassets in Resources */ = {isa = PBXBuildFile; fileRef = 2C689E03255C05C700EBC5CC /* Assets.xcassets */; };
		2C689E07255C05C700EBC5CC /* LaunchScreen.storyboard in Resources */ = {isa = PBXBuildFile; fileRef = 2C689E05255C05C700EBC5CC /* LaunchScreen.storyboard */; };
		2CA1DC13257A669C00DEB6B1 /* MapViewController.swift in Sources */ = {isa = PBXBuildFile; fileRef = 2CA1DC12257A669C00DEB6B1 /* MapViewController.swift */; };
		2CA25F38258389C60036B6A9 /* MapManager.swift in Sources */ = {isa = PBXBuildFile; fileRef = 2CA25F37258389C60036B6A9 /* MapManager.swift */; };
		2CA791F62563EC1200A7649E /* NewPlaceTableViewController.swift in Sources */ = {isa = PBXBuildFile; fileRef = 2CA791F52563EC1200A7649E /* NewPlaceTableViewController.swift */; };
		2CCCD42F256A92D700A1F56A /* .gitignore in Resources */ = {isa = PBXBuildFile; fileRef = 2CCCD42E256A92D700A1F56A /* .gitignore */; };
		2CCCD432256A9C1700A1F56A /* StorageManager.swift in Sources */ = {isa = PBXBuildFile; fileRef = 2CCCD431256A9C1700A1F56A /* StorageManager.swift */; };
		2CDAF623255EB2920034880F /* CustomTableViewCell.swift in Sources */ = {isa = PBXBuildFile; fileRef = 2CDAF622255EB2920034880F /* CustomTableViewCell.swift */; };
		2CFCD4FF2562CCB1002E0942 /* PlaceModel.swift in Sources */ = {isa = PBXBuildFile; fileRef = 2CFCD4FE2562CCB1002E0942 /* PlaceModel.swift */; };
		6C6EBE9B8067CCA589FCF175 /* Pods_MyPlaces.framework in Frameworks */ = {isa = PBXBuildFile; fileRef = 35FC169BE57838E5029122E1 /* Pods_MyPlaces.framework */; };
/* End PBXBuildFile section */

/* Begin PBXFileReference section */
		2C07CE95255D6AD000735F5C /* MainViewController.swift */ = {isa = PBXFileReference; lastKnownFileType = sourcecode.swift; path = MainViewController.swift; sourceTree = "<group>"; };
		2C56737F2574FCEB004777F5 /* RatingControl.swift */ = {isa = PBXFileReference; lastKnownFileType = sourcecode.swift; path = RatingControl.swift; sourceTree = "<group>"; };
		2C689DF7255C05C400EBC5CC /* MyPlaces.app */ = {isa = PBXFileReference; explicitFileType = wrapper.application; includeInIndex = 0; path = MyPlaces.app; sourceTree = BUILT_PRODUCTS_DIR; };
		2C689DFA255C05C400EBC5CC /* AppDelegate.swift */ = {isa = PBXFileReference; lastKnownFileType = sourcecode.swift; path = AppDelegate.swift; sourceTree = "<group>"; };
		2C689DFC255C05C400EBC5CC /* SceneDelegate.swift */ = {isa = PBXFileReference; lastKnownFileType = sourcecode.swift; path = SceneDelegate.swift; sourceTree = "<group>"; };
		2C689E01255C05C400EBC5CC /* Base */ = {isa = PBXFileReference; lastKnownFileType = file.storyboard; name = Base; path = Base.lproj/Main.storyboard; sourceTree = "<group>"; };
		2C689E03255C05C700EBC5CC /* Assets.xcassets */ = {isa = PBXFileReference; lastKnownFileType = folder.assetcatalog; path = Assets.xcassets; sourceTree = "<group>"; };
		2C689E06255C05C700EBC5CC /* Base */ = {isa = PBXFileReference; lastKnownFileType = file.storyboard; name = Base; path = Base.lproj/LaunchScreen.storyboard; sourceTree = "<group>"; };
		2C689E08255C05C700EBC5CC /* Info.plist */ = {isa = PBXFileReference; lastKnownFileType = text.plist.xml; path = Info.plist; sourceTree = "<group>"; };
		2CA1DC12257A669C00DEB6B1 /* MapViewController.swift */ = {isa = PBXFileReference; lastKnownFileType = sourcecode.swift; path = MapViewController.swift; sourceTree = "<group>"; };
		2CA25F37258389C60036B6A9 /* MapManager.swift */ = {isa = PBXFileReference; lastKnownFileType = sourcecode.swift; path = MapManager.swift; sourceTree = "<group>"; };
		2CA791F52563EC1200A7649E /* NewPlaceTableViewController.swift */ = {isa = PBXFileReference; lastKnownFileType = sourcecode.swift; path = NewPlaceTableViewController.swift; sourceTree = "<group>"; };
		2CCCD42E256A92D700A1F56A /* .gitignore */ = {isa = PBXFileReference; lastKnownFileType = text; path = .gitignore; sourceTree = "<group>"; };
		2CCCD431256A9C1700A1F56A /* StorageManager.swift */ = {isa = PBXFileReference; lastKnownFileType = sourcecode.swift; path = StorageManager.swift; sourceTree = "<group>"; };
		2CDAF622255EB2920034880F /* CustomTableViewCell.swift */ = {isa = PBXFileReference; lastKnownFileType = sourcecode.swift; path = CustomTableViewCell.swift; sourceTree = "<group>"; };
		2CFCD4FE2562CCB1002E0942 /* PlaceModel.swift */ = {isa = PBXFileReference; lastKnownFileType = sourcecode.swift; path = PlaceModel.swift; sourceTree = "<group>"; };
		35FC169BE57838E5029122E1 /* Pods_MyPlaces.framework */ = {isa = PBXFileReference; explicitFileType = wrapper.framework; includeInIndex = 0; path = Pods_MyPlaces.framework; sourceTree = BUILT_PRODUCTS_DIR; };
		9836F11B6FC99648CE263A16 /* Pods-MyPlaces.release.xcconfig */ = {isa = PBXFileReference; includeInIndex = 1; lastKnownFileType = text.xcconfig; name = "Pods-MyPlaces.release.xcconfig"; path = "Target Support Files/Pods-MyPlaces/Pods-MyPlaces.release.xcconfig"; sourceTree = "<group>"; };
		F65B0FBC1B164EAE2F1E3E1F /* Pods-MyPlaces.debug.xcconfig */ = {isa = PBXFileReference; includeInIndex = 1; lastKnownFileType = text.xcconfig; name = "Pods-MyPlaces.debug.xcconfig"; path = "Target Support Files/Pods-MyPlaces/Pods-MyPlaces.debug.xcconfig"; sourceTree = "<group>"; };
/* End PBXFileReference section */

/* Begin PBXFrameworksBuildPhase section */
		2C689DF4255C05C400EBC5CC /* Frameworks */ = {
			isa = PBXFrameworksBuildPhase;
			buildActionMask = 2147483647;
			files = (
				6C6EBE9B8067CCA589FCF175 /* Pods_MyPlaces.framework in Frameworks */,
			);
			runOnlyForDeploymentPostprocessing = 0;
		};
/* End PBXFrameworksBuildPhase section */

/* Begin PBXGroup section */
		2C689DEE255C05C400EBC5CC = {
			isa = PBXGroup;
			children = (
				2CCCD42E256A92D700A1F56A /* .gitignore */,
				2C689DF9255C05C400EBC5CC /* MyPlaces */,
				2C689DF8255C05C400EBC5CC /* Products */,
				F9D1DA347FAF8DD235542EF5 /* Pods */,
				C9EB36F75CFCF96CB9566869 /* Frameworks */,
			);
			sourceTree = "<group>";
		};
		2C689DF8255C05C400EBC5CC /* Products */ = {
			isa = PBXGroup;
			children = (
				2C689DF7255C05C400EBC5CC /* MyPlaces.app */,
			);
			name = Products;
			sourceTree = "<group>";
		};
		2C689DF9255C05C400EBC5CC /* MyPlaces */ = {
			isa = PBXGroup;
			children = (
				2CA25F3A2583A1800036B6A9 /* ViewControllers */,
				2CA25F3C2583A1FE0036B6A9 /* Helpers */,
				2CA25F3B2583A1E50036B6A9 /* Models */,
				2CA25F3D2583A2290036B6A9 /* Support Files */,
				2CA25F3E2583A2660036B6A9 /* IBuilder */,
			);
			path = MyPlaces;
			sourceTree = "<group>";
		};
		2CA25F3A2583A1800036B6A9 /* ViewControllers */ = {
			isa = PBXGroup;
			children = (
				2C07CE95255D6AD000735F5C /* MainViewController.swift */,
				2CA791F52563EC1200A7649E /* NewPlaceTableViewController.swift */,
				2CA1DC12257A669C00DEB6B1 /* MapViewController.swift */,
				2CDAF622255EB2920034880F /* CustomTableViewCell.swift */,
			);
			path = ViewControllers;
			sourceTree = "<group>";
		};
		2CA25F3B2583A1E50036B6A9 /* Models */ = {
			isa = PBXGroup;
			children = (
				2CFCD4FE2562CCB1002E0942 /* PlaceModel.swift */,
			);
			path = Models;
			sourceTree = "<group>";
		};
		2CA25F3C2583A1FE0036B6A9 /* Helpers */ = {
			isa = PBXGroup;
			children = (
				2CA25F37258389C60036B6A9 /* MapManager.swift */,
				2CCCD431256A9C1700A1F56A /* StorageManager.swift */,
				2C56737F2574FCEB004777F5 /* RatingControl.swift */,
			);
			path = Helpers;
			sourceTree = "<group>";
		};
		2CA25F3D2583A2290036B6A9 /* Support Files */ = {
			isa = PBXGroup;
			children = (
				2C689DFA255C05C400EBC5CC /* AppDelegate.swift */,
				2C689DFC255C05C400EBC5CC /* SceneDelegate.swift */,
				2C689E03255C05C700EBC5CC /* Assets.xcassets */,
				2C689E08255C05C700EBC5CC /* Info.plist */,
			);
			path = "Support Files";
			sourceTree = "<group>";
		};
		2CA25F3E2583A2660036B6A9 /* IBuilder */ = {
			isa = PBXGroup;
			children = (
				2C689E00255C05C400EBC5CC /* Main.storyboard */,
				2C689E05255C05C700EBC5CC /* LaunchScreen.storyboard */,
			);
			path = IBuilder;
			sourceTree = "<group>";
		};
		C9EB36F75CFCF96CB9566869 /* Frameworks */ = {
			isa = PBXGroup;
			children = (
				35FC169BE57838E5029122E1 /* Pods_MyPlaces.framework */,
			);
			name = Frameworks;
			sourceTree = "<group>";
		};
		F9D1DA347FAF8DD235542EF5 /* Pods */ = {
			isa = PBXGroup;
			children = (
				F65B0FBC1B164EAE2F1E3E1F /* Pods-MyPlaces.debug.xcconfig */,
				9836F11B6FC99648CE263A16 /* Pods-MyPlaces.release.xcconfig */,
			);
			path = Pods;
			sourceTree = "<group>";
		};
/* End PBXGroup section */

/* Begin PBXNativeTarget section */
		2C689DF6255C05C400EBC5CC /* MyPlaces */ = {
			isa = PBXNativeTarget;
			buildConfigurationList = 2C689E0B255C05C700EBC5CC /* Build configuration list for PBXNativeTarget "MyPlaces" */;
			buildPhases = (
				2A10DC42907DC96F05360556 /* [CP] Check Pods Manifest.lock */,
				2C689DF3255C05C400EBC5CC /* Sources */,
				2C689DF4255C05C400EBC5CC /* Frameworks */,
				2C689DF5255C05C400EBC5CC /* Resources */,
				ACD26BB0E246DB7FFC597B34 /* [CP] Embed Pods Frameworks */,
			);
			buildRules = (
			);
			dependencies = (
			);
			name = MyPlaces;
			productName = MyPlaces;
			productReference = 2C689DF7255C05C400EBC5CC /* MyPlaces.app */;
			productType = "com.apple.product-type.application";
		};
/* End PBXNativeTarget section */

/* Begin PBXProject section */
		2C689DEF255C05C400EBC5CC /* Project object */ = {
			isa = PBXProject;
			attributes = {
				LastSwiftUpdateCheck = 1210;
				LastUpgradeCheck = 1210;
				TargetAttributes = {
					2C689DF6255C05C400EBC5CC = {
						CreatedOnToolsVersion = 12.1;
					};
				};
			};
			buildConfigurationList = 2C689DF2255C05C400EBC5CC /* Build configuration list for PBXProject "MyPlaces" */;
			compatibilityVersion = "Xcode 9.3";
			developmentRegion = en;
			hasScannedForEncodings = 0;
			knownRegions = (
				en,
				Base,
			);
			mainGroup = 2C689DEE255C05C400EBC5CC;
			productRefGroup = 2C689DF8255C05C400EBC5CC /* Products */;
			projectDirPath = "";
			projectRoot = "";
			targets = (
				2C689DF6255C05C400EBC5CC /* MyPlaces */,
			);
		};
/* End PBXProject section */

/* Begin PBXResourcesBuildPhase section */
		2C689DF5255C05C400EBC5CC /* Resources */ = {
			isa = PBXResourcesBuildPhase;
			buildActionMask = 2147483647;
			files = (
				2CCCD42F256A92D700A1F56A /* .gitignore in Resources */,
				2C689E07255C05C700EBC5CC /* LaunchScreen.storyboard in Resources */,
				2C689E04255C05C700EBC5CC /* Assets.xcassets in Resources */,
				2C689E02255C05C400EBC5CC /* Main.storyboard in Resources */,
			);
			runOnlyForDeploymentPostprocessing = 0;
		};
/* End PBXResourcesBuildPhase section */

/* Begin PBXShellScriptBuildPhase section */
		2A10DC42907DC96F05360556 /* [CP] Check Pods Manifest.lock */ = {
			isa = PBXShellScriptBuildPhase;
			buildActionMask = 2147483647;
			files = (
			);
			inputFileListPaths = (
			);
			inputPaths = (
				"${PODS_PODFILE_DIR_PATH}/Podfile.lock",
				"${PODS_ROOT}/Manifest.lock",
			);
			name = "[CP] Check Pods Manifest.lock";
			outputFileListPaths = (
			);
			outputPaths = (
				"$(DERIVED_FILE_DIR)/Pods-MyPlaces-checkManifestLockResult.txt",
			);
			runOnlyForDeploymentPostprocessing = 0;
			shellPath = /bin/sh;
			shellScript = "diff \"${PODS_PODFILE_DIR_PATH}/Podfile.lock\" \"${PODS_ROOT}/Manifest.lock\" > /dev/null\nif [ $? != 0 ] ; then\n    # print error to STDERR\n    echo \"error: The sandbox is not in sync with the Podfile.lock. Run 'pod install' or update your CocoaPods installation.\" >&2\n    exit 1\nfi\n# This output is used by Xcode 'outputs' to avoid re-running this script phase.\necho \"SUCCESS\" > \"${SCRIPT_OUTPUT_FILE_0}\"\n";
			showEnvVarsInLog = 0;
		};
		ACD26BB0E246DB7FFC597B34 /* [CP] Embed Pods Frameworks */ = {
			isa = PBXShellScriptBuildPhase;
			buildActionMask = 2147483647;
			files = (
			);
			inputFileListPaths = (
				"${PODS_ROOT}/Target Support Files/Pods-MyPlaces/Pods-MyPlaces-frameworks-${CONFIGURATION}-input-files.xcfilelist",
			);
			name = "[CP] Embed Pods Frameworks";
			outputFileListPaths = (
				"${PODS_ROOT}/Target Support Files/Pods-MyPlaces/Pods-MyPlaces-frameworks-${CONFIGURATION}-output-files.xcfilelist",
			);
			runOnlyForDeploymentPostprocessing = 0;
			shellPath = /bin/sh;
			shellScript = "\"${PODS_ROOT}/Target Support Files/Pods-MyPlaces/Pods-MyPlaces-frameworks.sh\"\n";
			showEnvVarsInLog = 0;
		};
/* End PBXShellScriptBuildPhase section */

/* Begin PBXSourcesBuildPhase section */
		2C689DF3255C05C400EBC5CC /* Sources */ = {
			isa = PBXSourcesBuildPhase;
			buildActionMask = 2147483647;
			files = (
				2CA791F62563EC1200A7649E /* NewPlaceTableViewController.swift in Sources */,
				2C07CE96255D6AD000735F5C /* MainViewController.swift in Sources */,
				2C689DFB255C05C400EBC5CC /* AppDelegate.swift in Sources */,
				2CCCD432256A9C1700A1F56A /* StorageManager.swift in Sources */,
				2CA1DC13257A669C00DEB6B1 /* MapViewController.swift in Sources */,
				2C5673802574FCEB004777F5 /* RatingControl.swift in Sources */,
				2CA25F38258389C60036B6A9 /* MapManager.swift in Sources */,
				2CFCD4FF2562CCB1002E0942 /* PlaceModel.swift in Sources */,
				2CDAF623255EB2920034880F /* CustomTableViewCell.swift in Sources */,
				2C689DFD255C05C400EBC5CC /* SceneDelegate.swift in Sources */,
			);
			runOnlyForDeploymentPostprocessing = 0;
		};
/* End PBXSourcesBuildPhase section */

/* Begin PBXVariantGroup section */
		2C689E00255C05C400EBC5CC /* Main.storyboard */ = {
			isa = PBXVariantGroup;
			children = (
				2C689E01255C05C400EBC5CC /* Base */,
			);
			name = Main.storyboard;
			sourceTree = "<group>";
		};
		2C689E05255C05C700EBC5CC /* LaunchScreen.storyboard */ = {
			isa = PBXVariantGroup;
			children = (
				2C689E06255C05C700EBC5CC /* Base */,
			);
			name = LaunchScreen.storyboard;
			sourceTree = "<group>";
		};
/* End PBXVariantGroup section */

/* Begin XCBuildConfiguration section */
		2C689E09255C05C700EBC5CC /* Debug */ = {
			isa = XCBuildConfiguration;
			buildSettings = {
				ALWAYS_SEARCH_USER_PATHS = NO;
				CLANG_ANALYZER_NONNULL = YES;
				CLANG_ANALYZER_NUMBER_OBJECT_CONVERSION = YES_AGGRESSIVE;
				CLANG_CXX_LANGUAGE_STANDARD = "gnu++14";
				CLANG_CXX_LIBRARY = "libc++";
				CLANG_ENABLE_MODULES = YES;
				CLANG_ENABLE_OBJC_ARC = YES;
				CLANG_ENABLE_OBJC_WEAK = YES;
				CLANG_WARN_BLOCK_CAPTURE_AUTORELEASING = YES;
				CLANG_WARN_BOOL_CONVERSION = YES;
				CLANG_WARN_COMMA = YES;
				CLANG_WARN_CONSTANT_CONVERSION = YES;
				CLANG_WARN_DEPRECATED_OBJC_IMPLEMENTATIONS = YES;
				CLANG_WARN_DIRECT_OBJC_ISA_USAGE = YES_ERROR;
				CLANG_WARN_DOCUMENTATION_COMMENTS = YES;
				CLANG_WARN_EMPTY_BODY = YES;
				CLANG_WARN_ENUM_CONVERSION = YES;
				CLANG_WARN_INFINITE_RECURSION = YES;
				CLANG_WARN_INT_CONVERSION = YES;
				CLANG_WARN_NON_LITERAL_NULL_CONVERSION = YES;
				CLANG_WARN_OBJC_IMPLICIT_RETAIN_SELF = YES;
				CLANG_WARN_OBJC_LITERAL_CONVERSION = YES;
				CLANG_WARN_OBJC_ROOT_CLASS = YES_ERROR;
				CLANG_WARN_QUOTED_INCLUDE_IN_FRAMEWORK_HEADER = YES;
				CLANG_WARN_RANGE_LOOP_ANALYSIS = YES;
				CLANG_WARN_STRICT_PROTOTYPES = YES;
				CLANG_WARN_SUSPICIOUS_MOVE = YES;
				CLANG_WARN_UNGUARDED_AVAILABILITY = YES_AGGRESSIVE;
				CLANG_WARN_UNREACHABLE_CODE = YES;
				CLANG_WARN__DUPLICATE_METHOD_MATCH = YES;
				COPY_PHASE_STRIP = NO;
				DEBUG_INFORMATION_FORMAT = dwarf;
				ENABLE_STRICT_OBJC_MSGSEND = YES;
				ENABLE_TESTABILITY = YES;
				GCC_C_LANGUAGE_STANDARD = gnu11;
				GCC_DYNAMIC_NO_PIC = NO;
				GCC_NO_COMMON_BLOCKS = YES;
				GCC_OPTIMIZATION_LEVEL = 0;
				GCC_PREPROCESSOR_DEFINITIONS = (
					"DEBUG=1",
					"$(inherited)",
				);
				GCC_WARN_64_TO_32_BIT_CONVERSION = YES;
				GCC_WARN_ABOUT_RETURN_TYPE = YES_ERROR;
				GCC_WARN_UNDECLARED_SELECTOR = YES;
				GCC_WARN_UNINITIALIZED_AUTOS = YES_AGGRESSIVE;
				GCC_WARN_UNUSED_FUNCTION = YES;
				GCC_WARN_UNUSED_VARIABLE = YES;
				IPHONEOS_DEPLOYMENT_TARGET = 14.1;
				MTL_ENABLE_DEBUG_INFO = INCLUDE_SOURCE;
				MTL_FAST_MATH = YES;
				ONLY_ACTIVE_ARCH = YES;
				SDKROOT = iphoneos;
				SWIFT_ACTIVE_COMPILATION_CONDITIONS = DEBUG;
				SWIFT_OPTIMIZATION_LEVEL = "-Onone";
			};
			name = Debug;
		};
		2C689E0A255C05C700EBC5CC /* Release */ = {
			isa = XCBuildConfiguration;
			buildSettings = {
				ALWAYS_SEARCH_USER_PATHS = NO;
				CLANG_ANALYZER_NONNULL = YES;
				CLANG_ANALYZER_NUMBER_OBJECT_CONVERSION = YES_AGGRESSIVE;
				CLANG_CXX_LANGUAGE_STANDARD = "gnu++14";
				CLANG_CXX_LIBRARY = "libc++";
				CLANG_ENABLE_MODULES = YES;
				CLANG_ENABLE_OBJC_ARC = YES;
				CLANG_ENABLE_OBJC_WEAK = YES;
				CLANG_WARN_BLOCK_CAPTURE_AUTORELEASING = YES;
				CLANG_WARN_BOOL_CONVERSION = YES;
				CLANG_WARN_COMMA = YES;
				CLANG_WARN_CONSTANT_CONVERSION = YES;
				CLANG_WARN_DEPRECATED_OBJC_IMPLEMENTATIONS = YES;
				CLANG_WARN_DIRECT_OBJC_ISA_USAGE = YES_ERROR;
				CLANG_WARN_DOCUMENTATION_COMMENTS = YES;
				CLANG_WARN_EMPTY_BODY = YES;
				CLANG_WARN_ENUM_CONVERSION = YES;
				CLANG_WARN_INFINITE_RECURSION = YES;
				CLANG_WARN_INT_CONVERSION = YES;
				CLANG_WARN_NON_LITERAL_NULL_CONVERSION = YES;
				CLANG_WARN_OBJC_IMPLICIT_RETAIN_SELF = YES;
				CLANG_WARN_OBJC_LITERAL_CONVERSION = YES;
				CLANG_WARN_OBJC_ROOT_CLASS = YES_ERROR;
				CLANG_WARN_QUOTED_INCLUDE_IN_FRAMEWORK_HEADER = YES;
				CLANG_WARN_RANGE_LOOP_ANALYSIS = YES;
				CLANG_WARN_STRICT_PROTOTYPES = YES;
				CLANG_WARN_SUSPICIOUS_MOVE = YES;
				CLANG_WARN_UNGUARDED_AVAILABILITY = YES_AGGRESSIVE;
				CLANG_WARN_UNREACHABLE_CODE = YES;
				CLANG_WARN__DUPLICATE_METHOD_MATCH = YES;
				COPY_PHASE_STRIP = NO;
				DEBUG_INFORMATION_FORMAT = "dwarf-with-dsym";
				ENABLE_NS_ASSERTIONS = NO;
				ENABLE_STRICT_OBJC_MSGSEND = YES;
				GCC_C_LANGUAGE_STANDARD = gnu11;
				GCC_NO_COMMON_BLOCKS = YES;
				GCC_WARN_64_TO_32_BIT_CONVERSION = YES;
				GCC_WARN_ABOUT_RETURN_TYPE = YES_ERROR;
				GCC_WARN_UNDECLARED_SELECTOR = YES;
				GCC_WARN_UNINITIALIZED_AUTOS = YES_AGGRESSIVE;
				GCC_WARN_UNUSED_FUNCTION = YES;
				GCC_WARN_UNUSED_VARIABLE = YES;
				IPHONEOS_DEPLOYMENT_TARGET = 14.1;
				MTL_ENABLE_DEBUG_INFO = NO;
				MTL_FAST_MATH = YES;
				SDKROOT = iphoneos;
				SWIFT_COMPILATION_MODE = wholemodule;
				SWIFT_OPTIMIZATION_LEVEL = "-O";
				VALIDATE_PRODUCT = YES;
			};
			name = Release;
		};
		2C689E0C255C05C700EBC5CC /* Debug */ = {
			isa = XCBuildConfiguration;
			baseConfigurationReference = F65B0FBC1B164EAE2F1E3E1F /* Pods-MyPlaces.debug.xcconfig */;
			buildSettings = {
				ASSETCATALOG_COMPILER_APPICON_NAME = AppIcon;
				ASSETCATALOG_COMPILER_GLOBAL_ACCENT_COLOR_NAME = AccentColor;
				CODE_SIGN_STYLE = Automatic;
				DEVELOPMENT_TEAM = B66N983M7Q;
				INFOPLIST_FILE = "MyPlaces/Support Files/Info.plist";
				IPHONEOS_DEPLOYMENT_TARGET = 12.2;
				LD_RUNPATH_SEARCH_PATHS = (
					"$(inherited)",
					"@executable_path/Frameworks",
				);
				PRODUCT_BUNDLE_IDENTIFIER = ru.zyfunphoto.MyPlaces;
				PRODUCT_NAME = "$(TARGET_NAME)";
				SWIFT_VERSION = 5.0;
				TARGETED_DEVICE_FAMILY = "1,2";
			};
			name = Debug;
		};
		2C689E0D255C05C700EBC5CC /* Release */ = {
			isa = XCBuildConfiguration;
			baseConfigurationReference = 9836F11B6FC99648CE263A16 /* Pods-MyPlaces.release.xcconfig */;
			buildSettings = {
				ASSETCATALOG_COMPILER_APPICON_NAME = AppIcon;
				ASSETCATALOG_COMPILER_GLOBAL_ACCENT_COLOR_NAME = AccentColor;
				CODE_SIGN_STYLE = Automatic;
				DEVELOPMENT_TEAM = B66N983M7Q;
				INFOPLIST_FILE = "MyPlaces/Support Files/Info.plist";
				IPHONEOS_DEPLOYMENT_TARGET = 12.2;
				LD_RUNPATH_SEARCH_PATHS = (
					"$(inherited)",
					"@executable_path/Frameworks",
				);
				PRODUCT_BUNDLE_IDENTIFIER = ru.zyfunphoto.MyPlaces;
				PRODUCT_NAME = "$(TARGET_NAME)";
				SWIFT_VERSION = 5.0;
				TARGETED_DEVICE_FAMILY = "1,2";
			};
			name = Release;
		};
/* End XCBuildConfiguration section */

/* Begin XCConfigurationList section */
		2C689DF2255C05C400EBC5CC /* Build configuration list for PBXProject "MyPlaces" */ = {
			isa = XCConfigurationList;
			buildConfigurations = (
				2C689E09255C05C700EBC5CC /* Debug */,
				2C689E0A255C05C700EBC5CC /* Release */,
			);
			defaultConfigurationIsVisible = 0;
			defaultConfigurationName = Release;
		};
		2C689E0B255C05C700EBC5CC /* Build configuration list for PBXNativeTarget "MyPlaces" */ = {
			isa = XCConfigurationList;
			buildConfigurations = (
				2C689E0C255C05C700EBC5CC /* Debug */,
				2C689E0D255C05C700EBC5CC /* Release */,
			);
			defaultConfigurationIsVisible = 0;
			defaultConfigurationName = Release;
		};
/* End XCConfigurationList section */
	};
	rootObject = 2C689DEF255C05C400EBC5CC /* Project object */;
}
